
Microsoft Visual Studio Solution File, Format Version 12.00
# Visual Studio Version 17
VisualStudioVersion = 17.13.35818.85 d17.13
MinimumVisualStudioVersion = 10.0.40219.1
Project("{FAE04EC0-301F-11D3-BF4B-00C04F79EFBC}") = "Formularioyasi", "Formularioyasi\Formularioyasi.csproj", "{47FE8BF6-12F6-458C-8FBE-C0CF9D633456}"
EndProject
Global
	GlobalSection(SolutionConfigurationPlatforms) = preSolution
		Debug|Any CPU = Debug|Any CPU
		Release|Any CPU = Release|Any CPU
	EndGlobalSection
	GlobalSection(ProjectConfigurationPlatforms) = postSolution
		{47FE8BF6-12F6-458C-8FBE-C0CF9D633456}.Debug|Any CPU.ActiveCfg = Debug|Any CPU
		{47FE8BF6-12F6-458C-8FBE-C0CF9D633456}.Debug|Any CPU.Build.0 = Debug|Any CPU
		{47FE8BF6-12F6-458C-8FBE-C0CF9D633456}.Release|Any CPU.ActiveCfg = Release|Any CPU
		{47FE8BF6-12F6-458C-8FBE-C0CF9D633456}.Release|Any CPU.Build.0 = Release|Any CPU
	EndGlobalSection
	GlobalSection(SolutionProperties) = preSolution
		HideSolutionNode = FALSE
	EndGlobalSection
	GlobalSection(ExtensibilityGlobals) = postSolution
		SolutionGuid = {3CB5ACA7-BD86-42AF-BE65-64EA78DBF34A}
	EndGlobalSection
EndGlobal
